
Microsoft Visual Studio Solution File, Format Version 12.00
# Visual Studio 14
VisualStudioVersion = 14.0.25420.1
MinimumVisualStudioVersion = 10.0.40219.1
Project("{FAE04EC0-301F-11D3-BF4B-00C04F79EFBC}") = "lab_1", "lab_1\lab_1.csproj", "{F470701E-E3BE-4372-8217-E03B2DE2A77F}"
EndProject
Project("{FAE04EC0-301F-11D3-BF4B-00C04F79EFBC}") = "Test", "Test\Test.csproj", "{2ADE4929-2418-4A17-8697-C3E6496993BA}"
EndProject
Global
	GlobalSection(SolutionConfigurationPlatforms) = preSolution
		Debug|Any CPU = Debug|Any CPU
		Release|Any CPU = Release|Any CPU
	EndGlobalSection
	GlobalSection(ProjectConfigurationPlatforms) = postSolution
		{F470701E-E3BE-4372-8217-E03B2DE2A77F}.Debug|Any CPU.ActiveCfg = Debug|Any CPU
		{F470701E-E3BE-4372-8217-E03B2DE2A77F}.Debug|Any CPU.Build.0 = Debug|Any CPU
		{F470701E-E3BE-4372-8217-E03B2DE2A77F}.Release|Any CPU.ActiveCfg = Release|Any CPU
		{F470701E-E3BE-4372-8217-E03B2DE2A77F}.Release|Any CPU.Build.0 = Release|Any CPU
		{2ADE4929-2418-4A17-8697-C3E6496993BA}.Debug|Any CPU.ActiveCfg = Debug|Any CPU
		{2ADE4929-2418-4A17-8697-C3E6496993BA}.Debug|Any CPU.Build.0 = Debug|Any CPU
		{2ADE4929-2418-4A17-8697-C3E6496993BA}.Release|Any CPU.ActiveCfg = Release|Any CPU
		{2ADE4929-2418-4A17-8697-C3E6496993BA}.Release|Any CPU.Build.0 = Release|Any CPU
	EndGlobalSection
	GlobalSection(SolutionProperties) = preSolution
		HideSolutionNode = FALSE
	EndGlobalSection
EndGlobal
